
Microsoft Visual Studio Solution File, Format Version 12.00
# Visual Studio Version 16
VisualStudioVersion = 16.0.29215.179
MinimumVisualStudioVersion = 10.0.40219.1
Project("{FAE04EC0-301F-11D3-BF4B-00C04F79EFBC}") = "Microservices Client", "Microservices Client\Microservices Client.csproj", "{C10E58BA-42BA-4E2C-8962-8933719DA6A5}"
EndProject
Project("{FAE04EC0-301F-11D3-BF4B-00C04F79EFBC}") = "UnitTestClient", "UnitTestClient\UnitTestClient.csproj", "{10613DC2-35F1-4AE4-8374-A0762F5A9789}"
EndProject
Global
	GlobalSection(SolutionConfigurationPlatforms) = preSolution
		Debug|Any CPU = Debug|Any CPU
		Release|Any CPU = Release|Any CPU
	EndGlobalSection
	GlobalSection(ProjectConfigurationPlatforms) = postSolution
		{C10E58BA-42BA-4E2C-8962-8933719DA6A5}.Debug|Any CPU.ActiveCfg = Debug|Any CPU
		{C10E58BA-42BA-4E2C-8962-8933719DA6A5}.Debug|Any CPU.Build.0 = Debug|Any CPU
		{C10E58BA-42BA-4E2C-8962-8933719DA6A5}.Release|Any CPU.ActiveCfg = Release|Any CPU
		{C10E58BA-42BA-4E2C-8962-8933719DA6A5}.Release|Any CPU.Build.0 = Release|Any CPU
		{10613DC2-35F1-4AE4-8374-A0762F5A9789}.Debug|Any CPU.ActiveCfg = Debug|Any CPU
		{10613DC2-35F1-4AE4-8374-A0762F5A9789}.Debug|Any CPU.Build.0 = Debug|Any CPU
		{10613DC2-35F1-4AE4-8374-A0762F5A9789}.Release|Any CPU.ActiveCfg = Release|Any CPU
		{10613DC2-35F1-4AE4-8374-A0762F5A9789}.Release|Any CPU.Build.0 = Release|Any CPU
	EndGlobalSection
	GlobalSection(SolutionProperties) = preSolution
		HideSolutionNode = FALSE
	EndGlobalSection
	GlobalSection(ExtensibilityGlobals) = postSolution
		SolutionGuid = {E6C584FC-707C-4D61-A1E1-F2DE19B2F977}
	EndGlobalSection
EndGlobal
